
Microsoft Visual Studio Solution File, Format Version 12.00
# Visual Studio 15
Project("{FAE04EC0-301F-11D3-BF4B-00C04F79EFBC}") = "SimpleWebScraper", "SimpleWebScraper\SimpleWebScraper.csproj", "{A0AA0581-19F7-4956-AE06-B8F4670CD36E}"
EndProject
Global
	GlobalSection(SolutionConfigurationPlatforms) = preSolution
		Debug|anycpu = Debug|anycpu
		Release|anycpu = Release|anycpu
	EndGlobalSection
	GlobalSection(ProjectConfigurationPlatforms) = postSolution
		{A0AA0581-19F7-4956-AE06-B8F4670CD36E}.Debug|anycpu.ActiveCfg = Debug|anycpu
		{A0AA0581-19F7-4956-AE06-B8F4670CD36E}.Debug|anycpu.Build.0 = Debug|anycpu
		{A0AA0581-19F7-4956-AE06-B8F4670CD36E}.Release|anycpu.ActiveCfg = Release|anycpu
		{A0AA0581-19F7-4956-AE06-B8F4670CD36E}.Release|anycpu.Build.0 = Release|anycpu
	EndGlobalSection
EndGlobal
