{
  "version": 4,
  "terraform_version": "1.10.5",
  "serial": 10,
  "lineage": "60f2b33f-8b62-a089-d1a6-8f1b26212ceb",
  "outputs": {},
  "resources": [
    {
      "mode": "managed",
      "type": "azurerm_app_service",
      "name": "example",
      "provider": "provider[\"registry.terraform.io/hashicorp/azurerm\"]",
      "instances": [
        {
          "schema_version": 0,
          "attributes": {
            "app_service_plan_id": "/subscriptions/b360a023-9e0e-4850-b207-a68cbf104864/resourceGroups/example-resources/providers/Microsoft.Web/serverFarms/lucas-terraform-example-appserviceplan",
            "app_settings": {
              "SOME_KEY": "some-value"
            },
            "auth_settings": [
              {
                "active_directory": [],
                "additional_login_params": {},
                "allowed_external_redirect_urls": [],
                "default_provider": "",
                "enabled": false,
                "facebook": [],
                "google": [],
                "issuer": "",
                "microsoft": [],
                "runtime_version": "",
                "token_refresh_extension_hours": 0,
                "token_store_enabled": false,
                "twitter": [],
                "unauthenticated_client_action": ""
              }
            ],
            "backup": [],
            "client_affinity_enabled": false,
            "client_cert_enabled": false,
            "client_cert_mode": "Required",
            "connection_string": [
              {
                "name": "Database",
                "type": "SQLServer",
                "value": "Server=some-server.mydomain.com;Integrated Security=SSPI"
              }
            ],
            "custom_domain_verification_id": "F5F8DCB3B22603A69A327BAC340EB691DB0656E93053C2616C8618C9E47149CE",
            "default_site_hostname": "lucas-terraform-example-app-service.azurewebsites.net",
            "enabled": true,
            "https_only": false,
            "id": "/subscriptions/b360a023-9e0e-4850-b207-a68cbf104864/resourceGroups/example-resources/providers/Microsoft.Web/sites/lucas-terraform-example-app-service",
            "identity": [],
            "key_vault_reference_identity_id": "SystemAssigned",
            "location": "westeurope",
            "logs": [
              {
                "application_logs": [
                  {
                    "azure_blob_storage": [],
                    "file_system_level": "Off"
                  }
                ],
                "detailed_error_messages_enabled": false,
                "failed_request_tracing_enabled": false,
                "http_logs": [
                  {
                    "azure_blob_storage": [],
                    "file_system": []
                  }
                ]
              }
            ],
            "name": "lucas-terraform-example-app-service",
            "outbound_ip_address_list": [
              "20.82.32.84",
              "20.101.236.195",
              "20.101.236.225",
              "20.101.237.3",
              "20.82.33.110",
              "20.101.237.4",
              "20.61.249.179",
              "20.105.232.9"
            ],
            "outbound_ip_addresses": "20.82.32.84,20.101.236.195,20.101.236.225,20.101.237.3,20.82.33.110,20.101.237.4,20.61.249.179,20.105.232.9",
            "possible_outbound_ip_address_list": [
              "20.82.32.84",
              "20.101.236.195",
              "20.101.236.225",
              "20.101.237.3",
              "20.82.33.110",
              "20.101.237.4",
              "20.61.249.179",
              "20.101.237.9",
              "20.101.237.10",
              "20.101.237.224",
              "20.101.238.34",
              "20.101.238.138",
              "20.23.96.44",
              "20.23.96.136",
              "20.23.96.172",
              "20.23.96.225",
              "20.23.97.36",
              "20.23.97.46",
              "20.82.34.57",
              "20.23.97.54",
              "20.23.97.69",
              "20.23.97.105",
              "20.23.97.115",
              "20.23.97.138",
              "20.82.33.1",
              "20.23.97.144",
              "20.23.97.146",
              "20.23.97.148",
              "20.23.97.151",
              "20.23.97.153",
              "20.23.98.32",
              "20.105.232.9"
            ],
            "possible_outbound_ip_addresses": "20.82.32.84,20.101.236.195,20.101.236.225,20.101.237.3,20.82.33.110,20.101.237.4,20.61.249.179,20.101.237.9,20.101.237.10,20.101.237.224,20.101.238.34,20.101.238.138,20.23.96.44,20.23.96.136,20.23.96.172,20.23.96.225,20.23.97.36,20.23.97.46,20.82.34.57,20.23.97.54,20.23.97.69,20.23.97.105,20.23.97.115,20.23.97.138,20.82.33.1,20.23.97.144,20.23.97.146,20.23.97.148,20.23.97.151,20.23.97.153,20.23.98.32,20.105.232.9",
            "resource_group_name": "example-resources",
            "site_config": [
              {
                "acr_use_managed_identity_credentials": false,
                "acr_user_managed_identity_client_id": "",
                "always_on": false,
                "app_command_line": "",
                "auto_swap_slot_name": "",
                "cors": [
                  {
                    "allowed_origins": [],
                    "support_credentials": false
                  }
                ],
                "default_documents": null,
                "dotnet_framework_version": "v4.0",
                "ftps_state": "FtpsOnly",
                "health_check_path": "",
                "http2_enabled": false,
                "ip_restriction": [],
                "java_container": "",
                "java_container_version": "",
                "java_version": "",
                "linux_fx_version": "",
                "local_mysql_enabled": false,
                "managed_pipeline_mode": "Integrated",
                "min_tls_version": "1.2",
                "number_of_workers": 1,
                "php_version": "",
                "python_version": "",
                "remote_debugging_enabled": false,
                "remote_debugging_version": "VS2022",
                "scm_ip_restriction": [],
                "scm_type": "LocalGit",
                "scm_use_main_ip_restriction": false,
                "use_32_bit_worker_process": false,
                "vnet_route_all_enabled": false,
                "websockets_enabled": false,
                "windows_fx_version": ""
              }
            ],
            "site_credential": [
              {
                "password": "s2tkyH9Y3r8n5xu0bxRap7mbCSuKRvwkxefMv0B0xdQwZo8X9l6awghrnLWj",
                "username": "$lucas-terraform-example-app-service"
              }
            ],
            "source_control": [
              {
                "branch": "main",
                "manual_integration": false,
                "repo_url": "https://lucas-terraform-example-app-service.scm.azurewebsites.net",
                "rollback_enabled": false,
                "use_mercurial": false
              }
            ],
            "storage_account": [],
            "tags": null,
            "timeouts": null
          },
          "sensitive_attributes": [
            [
              {
                "type": "get_attr",
                "value": "connection_string"
              }
            ]
          ],
          "private": "eyJlMmJmYjczMC1lY2FhLTExZTYtOGY4OC0zNDM2M2JjN2M0YzAiOnsiY3JlYXRlIjoxODAwMDAwMDAwMDAwLCJkZWxldGUiOjE4MDAwMDAwMDAwMDAsInJlYWQiOjMwMDAwMDAwMDAwMCwidXBkYXRlIjoxODAwMDAwMDAwMDAwfX0=",
          "dependencies": [
            "azurerm_app_service_plan.example",
            "azurerm_resource_group.example"
          ]
        }
      ]
    },
    {
      "mode": "managed",
      "type": "azurerm_app_service_plan",
      "name": "example",
      "provider": "provider[\"registry.terraform.io/hashicorp/azurerm\"]",
      "instances": [
        {
          "schema_version": 1,
          "attributes": {
            "app_service_environment_id": "",
            "id": "/subscriptions/b360a023-9e0e-4850-b207-a68cbf104864/resourceGroups/example-resources/providers/Microsoft.Web/serverFarms/lucas-terraform-example-appserviceplan",
            "is_xenon": false,
            "kind": "Windows",
            "location": "westeurope",
            "maximum_elastic_worker_count": 1,
            "maximum_number_of_workers": 10,
            "name": "lucas-terraform-example-appserviceplan",
            "per_site_scaling": false,
            "reserved": false,
            "resource_group_name": "example-resources",
            "sku": [
              {
                "capacity": 1,
                "size": "S1",
                "tier": "Standard"
              }
            ],
            "tags": null,
            "timeouts": null,
            "zone_redundant": false
          },
          "sensitive_attributes": [],
          "private": "eyJlMmJmYjczMC1lY2FhLTExZTYtOGY4OC0zNDM2M2JjN2M0YzAiOnsiY3JlYXRlIjozNjAwMDAwMDAwMDAwLCJkZWxldGUiOjM2MDAwMDAwMDAwMDAsInJlYWQiOjMwMDAwMDAwMDAwMCwidXBkYXRlIjozNjAwMDAwMDAwMDAwfSwic2NoZW1hX3ZlcnNpb24iOiIxIn0=",
          "dependencies": [
            "azurerm_resource_group.example"
          ]
        }
      ]
    },
    {
      "mode": "managed",
      "type": "azurerm_resource_group",
      "name": "example",
      "provider": "provider[\"registry.terraform.io/hashicorp/azurerm\"]",
      "instances": [
        {
          "schema_version": 0,
          "attributes": {
            "id": "/subscriptions/b360a023-9e0e-4850-b207-a68cbf104864/resourceGroups/example-resources",
            "location": "westeurope",
            "managed_by": "",
            "name": "example-resources",
            "tags": {},
            "timeouts": null
          },
          "sensitive_attributes": [],
          "private": "eyJlMmJmYjczMC1lY2FhLTExZTYtOGY4OC0zNDM2M2JjN2M0YzAiOnsiY3JlYXRlIjo1NDAwMDAwMDAwMDAwLCJkZWxldGUiOjU0MDAwMDAwMDAwMDAsInJlYWQiOjMwMDAwMDAwMDAwMCwidXBkYXRlIjo1NDAwMDAwMDAwMDAwfX0="
        }
      ]
    }
  ],
  "check_results": null
}
